
Microsoft Visual Studio Solution File, Format Version 12.00
# Visual Studio Version 16
VisualStudioVersion = 16.0.31205.134
MinimumVisualStudioVersion = 10.0.40219.1
Project("{FAE04EC0-301F-11D3-BF4B-00C04F79EFBC}") = "28_LinQ", "28_LinQ\28_LinQ.csproj", "{8080EF54-8013-400B-9BB2-12E0C816EF58}"
EndProject
Global
	GlobalSection(SolutionConfigurationPlatforms) = preSolution
		Debug|Any CPU = Debug|Any CPU
		Release|Any CPU = Release|Any CPU
	EndGlobalSection
	GlobalSection(ProjectConfigurationPlatforms) = postSolution
		{8080EF54-8013-400B-9BB2-12E0C816EF58}.Debug|Any CPU.ActiveCfg = Debug|Any CPU
		{8080EF54-8013-400B-9BB2-12E0C816EF58}.Debug|Any CPU.Build.0 = Debug|Any CPU
		{8080EF54-8013-400B-9BB2-12E0C816EF58}.Release|Any CPU.ActiveCfg = Release|Any CPU
		{8080EF54-8013-400B-9BB2-12E0C816EF58}.Release|Any CPU.Build.0 = Release|Any CPU
	EndGlobalSection
	GlobalSection(SolutionProperties) = preSolution
		HideSolutionNode = FALSE
	EndGlobalSection
	GlobalSection(ExtensibilityGlobals) = postSolution
		SolutionGuid = {65CA1ED2-BE23-4122-9829-0A26B28C3976}
	EndGlobalSection
EndGlobal
